
Microsoft Visual Studio Solution File, Format Version 12.00
# Visual Studio Version 17
VisualStudioVersion = 17.10.35027.167
MinimumVisualStudioVersion = 10.0.40219.1
Project("{9A19103F-16F7-4668-BE54-9A1E7A4F7556}") = "PostmanClone.Library", "PostmanClone.Library\PostmanClone.Library.csproj", "{D1E4900F-9AD7-4C4C-A43A-76084796435C}"
EndProject
Project("{9A19103F-16F7-4668-BE54-9A1E7A4F7556}") = "PostmanClone.UI", "PostmanClone.UI\PostmanClone.UI.csproj", "{87B1DB38-0C98-4590-ACCD-E204F4C27546}"
EndProject
Project("{54435603-DBB4-11D2-8724-00A0C9A8B90C}") = "PostmanClone.Instaler", "PostmanClone.Instaler\PostmanClone.Instaler.vdproj", "{BD6E246E-5494-42B9-9AB8-8ABE75EB1981}"
EndProject
Global
	GlobalSection(SolutionConfigurationPlatforms) = preSolution
		Debug|Any CPU = Debug|Any CPU
		Release|Any CPU = Release|Any CPU
	EndGlobalSection
	GlobalSection(ProjectConfigurationPlatforms) = postSolution
		{D1E4900F-9AD7-4C4C-A43A-76084796435C}.Debug|Any CPU.ActiveCfg = Debug|Any CPU
		{D1E4900F-9AD7-4C4C-A43A-76084796435C}.Debug|Any CPU.Build.0 = Debug|Any CPU
		{D1E4900F-9AD7-4C4C-A43A-76084796435C}.Release|Any CPU.ActiveCfg = Release|Any CPU
		{D1E4900F-9AD7-4C4C-A43A-76084796435C}.Release|Any CPU.Build.0 = Release|Any CPU
		{87B1DB38-0C98-4590-ACCD-E204F4C27546}.Debug|Any CPU.ActiveCfg = Debug|Any CPU
		{87B1DB38-0C98-4590-ACCD-E204F4C27546}.Debug|Any CPU.Build.0 = Debug|Any CPU
		{87B1DB38-0C98-4590-ACCD-E204F4C27546}.Release|Any CPU.ActiveCfg = Release|Any CPU
		{87B1DB38-0C98-4590-ACCD-E204F4C27546}.Release|Any CPU.Build.0 = Release|Any CPU
		{BD6E246E-5494-42B9-9AB8-8ABE75EB1981}.Debug|Any CPU.ActiveCfg = Debug
		{BD6E246E-5494-42B9-9AB8-8ABE75EB1981}.Release|Any CPU.ActiveCfg = Release
	EndGlobalSection
	GlobalSection(SolutionProperties) = preSolution
		HideSolutionNode = FALSE
	EndGlobalSection
	GlobalSection(ExtensibilityGlobals) = postSolution
		SolutionGuid = {61DFFC96-922B-4F3E-846F-2C217C84D466}
	EndGlobalSection
EndGlobal
